
Microsoft Visual Studio Solution File, Format Version 12.00
# Visual Studio 15
VisualStudioVersion = 15.0.28307.572
MinimumVisualStudioVersion = 10.0.40219.1
Project("{FAE04EC0-301F-11D3-BF4B-00C04F79EFBC}") = "lap trinh window", "lap trinh window\lap trinh window.csproj", "{D9831F26-3AD3-47C6-B12B-11F7FD374258}"
EndProject
Global
	GlobalSection(SolutionConfigurationPlatforms) = preSolution
		Debug|Any CPU = Debug|Any CPU
		Release|Any CPU = Release|Any CPU
	EndGlobalSection
	GlobalSection(ProjectConfigurationPlatforms) = postSolution
		{D9831F26-3AD3-47C6-B12B-11F7FD374258}.Debug|Any CPU.ActiveCfg = Debug|Any CPU
		{D9831F26-3AD3-47C6-B12B-11F7FD374258}.Debug|Any CPU.Build.0 = Debug|Any CPU
		{D9831F26-3AD3-47C6-B12B-11F7FD374258}.Release|Any CPU.ActiveCfg = Release|Any CPU
		{D9831F26-3AD3-47C6-B12B-11F7FD374258}.Release|Any CPU.Build.0 = Release|Any CPU
	EndGlobalSection
	GlobalSection(SolutionProperties) = preSolution
		HideSolutionNode = FALSE
	EndGlobalSection
	GlobalSection(ExtensibilityGlobals) = postSolution
		SolutionGuid = {F0C7727D-9254-4044-914E-89F94992B059}
	EndGlobalSection
EndGlobal
